
Microsoft Visual Studio Solution File, Format Version 12.00
# Visual Studio Version 16
VisualStudioVersion = 16.0.30804.86
MinimumVisualStudioVersion = 10.0.40219.1
Project("{FAE04EC0-301F-11D3-BF4B-00C04F79EFBC}") = "DenemeBaglanti", "DenemeBaglanti\DenemeBaglanti.csproj", "{5EB12903-D148-4E20-B3DD-99D2A7E60CAC}"
EndProject
Global
	GlobalSection(SolutionConfigurationPlatforms) = preSolution
		Debug|Any CPU = Debug|Any CPU
		Release|Any CPU = Release|Any CPU
	EndGlobalSection
	GlobalSection(ProjectConfigurationPlatforms) = postSolution
		{5EB12903-D148-4E20-B3DD-99D2A7E60CAC}.Debug|Any CPU.ActiveCfg = Debug|Any CPU
		{5EB12903-D148-4E20-B3DD-99D2A7E60CAC}.Debug|Any CPU.Build.0 = Debug|Any CPU
		{5EB12903-D148-4E20-B3DD-99D2A7E60CAC}.Release|Any CPU.ActiveCfg = Release|Any CPU
		{5EB12903-D148-4E20-B3DD-99D2A7E60CAC}.Release|Any CPU.Build.0 = Release|Any CPU
	EndGlobalSection
	GlobalSection(SolutionProperties) = preSolution
		HideSolutionNode = FALSE
	EndGlobalSection
	GlobalSection(ExtensibilityGlobals) = postSolution
		SolutionGuid = {30BB4106-B23D-4330-9503-D9D67C72566E}
	EndGlobalSection
EndGlobal
